
Microsoft Visual Studio Solution File, Format Version 12.00
# Visual Studio Version 17
VisualStudioVersion = 17.11.35327.3
MinimumVisualStudioVersion = 10.0.40219.1
Project("{FAE04EC0-301F-11D3-BF4B-00C04F79EFBC}") = "BlindBox", "BlindBox\BlindBox.csproj", "{888316FA-824A-43A7-9E03-5BA2C6C880D0}"
EndProject
Global
	GlobalSection(SolutionConfigurationPlatforms) = preSolution
		Debug|Any CPU = Debug|Any CPU
		Release|Any CPU = Release|Any CPU
	EndGlobalSection
	GlobalSection(ProjectConfigurationPlatforms) = postSolution
		{888316FA-824A-43A7-9E03-5BA2C6C880D0}.Debug|Any CPU.ActiveCfg = Debug|Any CPU
		{888316FA-824A-43A7-9E03-5BA2C6C880D0}.Debug|Any CPU.Build.0 = Debug|Any CPU
		{888316FA-824A-43A7-9E03-5BA2C6C880D0}.Release|Any CPU.ActiveCfg = Release|Any CPU
		{888316FA-824A-43A7-9E03-5BA2C6C880D0}.Release|Any CPU.Build.0 = Release|Any CPU
	EndGlobalSection
	GlobalSection(SolutionProperties) = preSolution
		HideSolutionNode = FALSE
	EndGlobalSection
	GlobalSection(ExtensibilityGlobals) = postSolution
		SolutionGuid = {D165BAE9-70FE-4619-9CAA-2EEFE3266042}
	EndGlobalSection
EndGlobal
